# This file was autogenerated by Stack.
# You should not edit this file by hand.
# For more information, please see the documentation at:
#   https://docs.haskellstack.org/en/stable/lock_files

packages:
- completed:
    hackage: ghc-heap-view-0.6.0@sha256:9b36603788c294f18873c217a7dbe7d11af28353dad026c13116f557deba0d5b,3101
    pantry-tree:
      size: 547
      sha256: 473f4eae21b5d100661c139d4ca8cda820f0a25976eedf092970b8c4d2383b53
  original:
    hackage: ghc-heap-view-0.6.0@sha256:9b36603788c294f18873c217a7dbe7d11af28353dad026c13116f557deba0d5b,3101
snapshots:
- completed:
    size: 523448
    url: https://raw.githubusercontent.com/commercialhaskell/stackage-snapshots/master/lts/14/1.yaml
    sha256: 0045b9bae36c3bb2dd374c29b586389845af1557eea0423958d152fc500d4fbf
  original: lts-14.1
